
Microsoft Visual Studio Solution File, Format Version 12.00
# Visual Studio Version 16
VisualStudioVersion = 16.0.29519.87
MinimumVisualStudioVersion = 10.0.40219.1
Project("{FAE04EC0-301F-11D3-BF4B-00C04F79EFBC}") = "ArrayDemo2", "ArrayDemo2.csproj", "{89ADD535-61AF-4652-868F-06CFC63C5299}"
EndProject
Global
	GlobalSection(SolutionConfigurationPlatforms) = preSolution
		Debug|Any CPU = Debug|Any CPU
		Release|Any CPU = Release|Any CPU
	EndGlobalSection
	GlobalSection(ProjectConfigurationPlatforms) = postSolution
		{89ADD535-61AF-4652-868F-06CFC63C5299}.Debug|Any CPU.ActiveCfg = Debug|Any CPU
		{89ADD535-61AF-4652-868F-06CFC63C5299}.Debug|Any CPU.Build.0 = Debug|Any CPU
		{89ADD535-61AF-4652-868F-06CFC63C5299}.Release|Any CPU.ActiveCfg = Release|Any CPU
		{89ADD535-61AF-4652-868F-06CFC63C5299}.Release|Any CPU.Build.0 = Release|Any CPU
	EndGlobalSection
	GlobalSection(SolutionProperties) = preSolution
		HideSolutionNode = FALSE
	EndGlobalSection
	GlobalSection(ExtensibilityGlobals) = postSolution
		SolutionGuid = {E29106C1-CE9C-4EE0-A9A9-B47BAF8364CD}
	EndGlobalSection
EndGlobal
