
Microsoft Visual Studio Solution File, Format Version 12.00
# Visual Studio Version 16
VisualStudioVersion = 16.0.29509.3
MinimumVisualStudioVersion = 10.0.40219.1
Project("{FAE04EC0-301F-11D3-BF4B-00C04F79EFBC}") = "CarRentalInteractiveGUI", "CarRentalInteractiveGUI.csproj", "{A1EEF02C-E53E-4E42-8482-128EF2239805}"
EndProject
Global
	GlobalSection(SolutionConfigurationPlatforms) = preSolution
		Debug|Any CPU = Debug|Any CPU
		Release|Any CPU = Release|Any CPU
	EndGlobalSection
	GlobalSection(ProjectConfigurationPlatforms) = postSolution
		{A1EEF02C-E53E-4E42-8482-128EF2239805}.Debug|Any CPU.ActiveCfg = Debug|Any CPU
		{A1EEF02C-E53E-4E42-8482-128EF2239805}.Debug|Any CPU.Build.0 = Debug|Any CPU
		{A1EEF02C-E53E-4E42-8482-128EF2239805}.Release|Any CPU.ActiveCfg = Release|Any CPU
		{A1EEF02C-E53E-4E42-8482-128EF2239805}.Release|Any CPU.Build.0 = Release|Any CPU
	EndGlobalSection
	GlobalSection(SolutionProperties) = preSolution
		HideSolutionNode = FALSE
	EndGlobalSection
	GlobalSection(ExtensibilityGlobals) = postSolution
		SolutionGuid = {36F4481A-DDD1-42B2-A5CC-CE9628C6CE16}
	EndGlobalSection
EndGlobal
