
Microsoft Visual Studio Solution File, Format Version 12.00
# Visual Studio Version 16
VisualStudioVersion = 16.0.29519.87
MinimumVisualStudioVersion = 10.0.40219.1
Project("{FAE04EC0-301F-11D3-BF4B-00C04F79EFBC}") = "DailySpecial", "DailySpecial.csproj", "{6097FB81-8682-4ADF-BAAF-53A1B6E3C72B}"
EndProject
Global
	GlobalSection(SolutionConfigurationPlatforms) = preSolution
		Debug|Any CPU = Debug|Any CPU
		Release|Any CPU = Release|Any CPU
	EndGlobalSection
	GlobalSection(ProjectConfigurationPlatforms) = postSolution
		{6097FB81-8682-4ADF-BAAF-53A1B6E3C72B}.Debug|Any CPU.ActiveCfg = Debug|Any CPU
		{6097FB81-8682-4ADF-BAAF-53A1B6E3C72B}.Debug|Any CPU.Build.0 = Debug|Any CPU
		{6097FB81-8682-4ADF-BAAF-53A1B6E3C72B}.Release|Any CPU.ActiveCfg = Release|Any CPU
		{6097FB81-8682-4ADF-BAAF-53A1B6E3C72B}.Release|Any CPU.Build.0 = Release|Any CPU
	EndGlobalSection
	GlobalSection(SolutionProperties) = preSolution
		HideSolutionNode = FALSE
	EndGlobalSection
	GlobalSection(ExtensibilityGlobals) = postSolution
		SolutionGuid = {EAD5B73B-BA8A-45C5-9C2E-F1C368FB159E}
	EndGlobalSection
EndGlobal
