
Microsoft Visual Studio Solution File, Format Version 12.00
# Visual Studio Version 16
VisualStudioVersion = 16.0.29709.97
MinimumVisualStudioVersion = 10.0.40219.1
Project("{FAE04EC0-301F-11D3-BF4B-00C04F79EFBC}") = "NinasCookieSource", "NinasCookieSource.csproj", "{5E0A0005-2E75-4B17-B70E-07A100D99981}"
EndProject
Global
	GlobalSection(SolutionConfigurationPlatforms) = preSolution
		Debug|Any CPU = Debug|Any CPU
		Release|Any CPU = Release|Any CPU
	EndGlobalSection
	GlobalSection(ProjectConfigurationPlatforms) = postSolution
		{5E0A0005-2E75-4B17-B70E-07A100D99981}.Debug|Any CPU.ActiveCfg = Debug|Any CPU
		{5E0A0005-2E75-4B17-B70E-07A100D99981}.Debug|Any CPU.Build.0 = Debug|Any CPU
		{5E0A0005-2E75-4B17-B70E-07A100D99981}.Release|Any CPU.ActiveCfg = Release|Any CPU
		{5E0A0005-2E75-4B17-B70E-07A100D99981}.Release|Any CPU.Build.0 = Release|Any CPU
	EndGlobalSection
	GlobalSection(SolutionProperties) = preSolution
		HideSolutionNode = FALSE
	EndGlobalSection
	GlobalSection(ExtensibilityGlobals) = postSolution
		SolutionGuid = {B31E87FE-869E-4812-B408-4B68105F5D42}
	EndGlobalSection
EndGlobal
