
Microsoft Visual Studio Solution File, Format Version 12.00
# Visual Studio Version 16
VisualStudioVersion = 16.0.29509.3
MinimumVisualStudioVersion = 10.0.40219.1
Project("{FAE04EC0-301F-11D3-BF4B-00C04F79EFBC}") = "EggsInteractiveGUI", "EggsInteractiveGUI.csproj", "{1951CC46-E352-48F4-9375-93472E73CB1F}"
EndProject
Global
	GlobalSection(SolutionConfigurationPlatforms) = preSolution
		Debug|Any CPU = Debug|Any CPU
		Release|Any CPU = Release|Any CPU
	EndGlobalSection
	GlobalSection(ProjectConfigurationPlatforms) = postSolution
		{1951CC46-E352-48F4-9375-93472E73CB1F}.Debug|Any CPU.ActiveCfg = Debug|Any CPU
		{1951CC46-E352-48F4-9375-93472E73CB1F}.Debug|Any CPU.Build.0 = Debug|Any CPU
		{1951CC46-E352-48F4-9375-93472E73CB1F}.Release|Any CPU.ActiveCfg = Release|Any CPU
		{1951CC46-E352-48F4-9375-93472E73CB1F}.Release|Any CPU.Build.0 = Release|Any CPU
	EndGlobalSection
	GlobalSection(SolutionProperties) = preSolution
		HideSolutionNode = FALSE
	EndGlobalSection
	GlobalSection(ExtensibilityGlobals) = postSolution
		SolutionGuid = {800EF462-C95B-44B6-982A-8144713C20C0}
	EndGlobalSection
EndGlobal
