
Microsoft Visual Studio Solution File, Format Version 12.00
# Visual Studio Version 16
VisualStudioVersion = 16.0.29519.87
MinimumVisualStudioVersion = 10.0.40219.1
Project("{FAE04EC0-301F-11D3-BF4B-00C04F79EFBC}") = "TippingTable", "TippingTable.csproj", "{17FC5938-2637-4A01-92FF-6D7BA8650AA2}"
EndProject
Global
	GlobalSection(SolutionConfigurationPlatforms) = preSolution
		Debug|Any CPU = Debug|Any CPU
		Release|Any CPU = Release|Any CPU
	EndGlobalSection
	GlobalSection(ProjectConfigurationPlatforms) = postSolution
		{17FC5938-2637-4A01-92FF-6D7BA8650AA2}.Debug|Any CPU.ActiveCfg = Debug|Any CPU
		{17FC5938-2637-4A01-92FF-6D7BA8650AA2}.Debug|Any CPU.Build.0 = Debug|Any CPU
		{17FC5938-2637-4A01-92FF-6D7BA8650AA2}.Release|Any CPU.ActiveCfg = Release|Any CPU
		{17FC5938-2637-4A01-92FF-6D7BA8650AA2}.Release|Any CPU.Build.0 = Release|Any CPU
	EndGlobalSection
	GlobalSection(SolutionProperties) = preSolution
		HideSolutionNode = FALSE
	EndGlobalSection
	GlobalSection(ExtensibilityGlobals) = postSolution
		SolutionGuid = {E65A1D36-0698-407A-A89D-F50A5673DFA8}
	EndGlobalSection
EndGlobal
