
Microsoft Visual Studio Solution File, Format Version 12.00
# Visual Studio Version 16
VisualStudioVersion = 16.0.29509.3
MinimumVisualStudioVersion = 10.0.40219.1
Project("{FAE04EC0-301F-11D3-BF4B-00C04F79EFBC}") = "CheckZip", "CheckZip\CheckZip.csproj", "{49401D70-C2C3-4568-B136-90388A7003BA}"
EndProject
Global
	GlobalSection(SolutionConfigurationPlatforms) = preSolution
		Debug|Any CPU = Debug|Any CPU
		Release|Any CPU = Release|Any CPU
	EndGlobalSection
	GlobalSection(ProjectConfigurationPlatforms) = postSolution
		{49401D70-C2C3-4568-B136-90388A7003BA}.Debug|Any CPU.ActiveCfg = Debug|Any CPU
		{49401D70-C2C3-4568-B136-90388A7003BA}.Debug|Any CPU.Build.0 = Debug|Any CPU
		{49401D70-C2C3-4568-B136-90388A7003BA}.Release|Any CPU.ActiveCfg = Release|Any CPU
		{49401D70-C2C3-4568-B136-90388A7003BA}.Release|Any CPU.Build.0 = Release|Any CPU
	EndGlobalSection
	GlobalSection(SolutionProperties) = preSolution
		HideSolutionNode = FALSE
	EndGlobalSection
	GlobalSection(ExtensibilityGlobals) = postSolution
		SolutionGuid = {22E52298-F895-4254-B790-86CD6BE8D466}
	EndGlobalSection
EndGlobal
