
Microsoft Visual Studio Solution File, Format Version 12.00
# Visual Studio Version 16
VisualStudioVersion = 16.0.29230.47
MinimumVisualStudioVersion = 10.0.40219.1
Project("{FAE04EC0-301F-11D3-BF4B-00C04F79EFBC}") = "CompareNames1", "CompareNames1.csproj", "{F39BC9EC-58A0-4CF7-83F8-21E4BD9ABFDE}"
EndProject
Global
	GlobalSection(SolutionConfigurationPlatforms) = preSolution
		Debug|Any CPU = Debug|Any CPU
		Release|Any CPU = Release|Any CPU
	EndGlobalSection
	GlobalSection(ProjectConfigurationPlatforms) = postSolution
		{F39BC9EC-58A0-4CF7-83F8-21E4BD9ABFDE}.Debug|Any CPU.ActiveCfg = Debug|Any CPU
		{F39BC9EC-58A0-4CF7-83F8-21E4BD9ABFDE}.Debug|Any CPU.Build.0 = Debug|Any CPU
		{F39BC9EC-58A0-4CF7-83F8-21E4BD9ABFDE}.Release|Any CPU.ActiveCfg = Release|Any CPU
		{F39BC9EC-58A0-4CF7-83F8-21E4BD9ABFDE}.Release|Any CPU.Build.0 = Release|Any CPU
	EndGlobalSection
	GlobalSection(SolutionProperties) = preSolution
		HideSolutionNode = FALSE
	EndGlobalSection
	GlobalSection(ExtensibilityGlobals) = postSolution
		SolutionGuid = {1838AF6E-0833-4B06-A926-17164C40807D}
	EndGlobalSection
EndGlobal
