
Microsoft Visual Studio Solution File, Format Version 12.00
# Visual Studio Version 16
VisualStudioVersion = 16.0.29709.97
MinimumVisualStudioVersion = 10.0.40219.1
Project("{FAE04EC0-301F-11D3-BF4B-00C04F79EFBC}") = "PhotoDemo", "PhotoDemo.csproj", "{6EF19BB2-BDDE-4259-96A3-EB0D4F7C9144}"
EndProject
Global
	GlobalSection(SolutionConfigurationPlatforms) = preSolution
		Debug|Any CPU = Debug|Any CPU
		Release|Any CPU = Release|Any CPU
	EndGlobalSection
	GlobalSection(ProjectConfigurationPlatforms) = postSolution
		{6EF19BB2-BDDE-4259-96A3-EB0D4F7C9144}.Debug|Any CPU.ActiveCfg = Debug|Any CPU
		{6EF19BB2-BDDE-4259-96A3-EB0D4F7C9144}.Debug|Any CPU.Build.0 = Debug|Any CPU
		{6EF19BB2-BDDE-4259-96A3-EB0D4F7C9144}.Release|Any CPU.ActiveCfg = Release|Any CPU
		{6EF19BB2-BDDE-4259-96A3-EB0D4F7C9144}.Release|Any CPU.Build.0 = Release|Any CPU
	EndGlobalSection
	GlobalSection(SolutionProperties) = preSolution
		HideSolutionNode = FALSE
	EndGlobalSection
	GlobalSection(ExtensibilityGlobals) = postSolution
		SolutionGuid = {7A620953-39F0-4C08-91BC-5B77ED81E830}
	EndGlobalSection
EndGlobal
