
Microsoft Visual Studio Solution File, Format Version 12.00
# Visual Studio Version 16
VisualStudioVersion = 16.0.30011.22
MinimumVisualStudioVersion = 10.0.40219.1
Project("{FAE04EC0-301F-11D3-BF4B-00C04F79EFBC}") = "ViewInvoices", "ViewInvoices\ViewInvoices.csproj", "{423CC60B-7513-4C89-B88B-893C9AD0AAE8}"
EndProject
Global
	GlobalSection(SolutionConfigurationPlatforms) = preSolution
		Debug|Any CPU = Debug|Any CPU
		Release|Any CPU = Release|Any CPU
	EndGlobalSection
	GlobalSection(ProjectConfigurationPlatforms) = postSolution
		{423CC60B-7513-4C89-B88B-893C9AD0AAE8}.Debug|Any CPU.ActiveCfg = Debug|Any CPU
		{423CC60B-7513-4C89-B88B-893C9AD0AAE8}.Debug|Any CPU.Build.0 = Debug|Any CPU
		{423CC60B-7513-4C89-B88B-893C9AD0AAE8}.Release|Any CPU.ActiveCfg = Release|Any CPU
		{423CC60B-7513-4C89-B88B-893C9AD0AAE8}.Release|Any CPU.Build.0 = Release|Any CPU
	EndGlobalSection
	GlobalSection(SolutionProperties) = preSolution
		HideSolutionNode = FALSE
	EndGlobalSection
	GlobalSection(ExtensibilityGlobals) = postSolution
		SolutionGuid = {0E7603F8-3C43-4459-98F2-9967D47D269F}
	EndGlobalSection
EndGlobal
