
Microsoft Visual Studio Solution File, Format Version 12.00
# Visual Studio Version 16
VisualStudioVersion = 16.0.29509.3
MinimumVisualStudioVersion = 10.0.40219.1
Project("{FAE04EC0-301F-11D3-BF4B-00C04F79EFBC}") = "PhoneCall", "PhoneCall\PhoneCall.csproj", "{ADB863C9-F00B-419E-83B1-67AC1F752260}"
EndProject
Global
	GlobalSection(SolutionConfigurationPlatforms) = preSolution
		Debug|Any CPU = Debug|Any CPU
		Release|Any CPU = Release|Any CPU
	EndGlobalSection
	GlobalSection(ProjectConfigurationPlatforms) = postSolution
		{ADB863C9-F00B-419E-83B1-67AC1F752260}.Debug|Any CPU.ActiveCfg = Debug|Any CPU
		{ADB863C9-F00B-419E-83B1-67AC1F752260}.Debug|Any CPU.Build.0 = Debug|Any CPU
		{ADB863C9-F00B-419E-83B1-67AC1F752260}.Release|Any CPU.ActiveCfg = Release|Any CPU
		{ADB863C9-F00B-419E-83B1-67AC1F752260}.Release|Any CPU.Build.0 = Release|Any CPU
	EndGlobalSection
	GlobalSection(SolutionProperties) = preSolution
		HideSolutionNode = FALSE
	EndGlobalSection
	GlobalSection(ExtensibilityGlobals) = postSolution
		SolutionGuid = {4CD58C67-7E70-438A-B6D6-FA022004243E}
	EndGlobalSection
EndGlobal
