
Microsoft Visual Studio Solution File, Format Version 12.00
# Visual Studio Version 16
VisualStudioVersion = 16.0.30104.148
MinimumVisualStudioVersion = 10.0.40219.1
Project("{FAE04EC0-301F-11D3-BF4B-00C04F79EFBC}") = "HighScore", "HighScore\HighScore.csproj", "{291011FD-4061-48EB-80C2-FF36845EB14F}"
EndProject
Global
	GlobalSection(SolutionConfigurationPlatforms) = preSolution
		Debug|Any CPU = Debug|Any CPU
		Release|Any CPU = Release|Any CPU
	EndGlobalSection
	GlobalSection(ProjectConfigurationPlatforms) = postSolution
		{291011FD-4061-48EB-80C2-FF36845EB14F}.Debug|Any CPU.ActiveCfg = Debug|Any CPU
		{291011FD-4061-48EB-80C2-FF36845EB14F}.Debug|Any CPU.Build.0 = Debug|Any CPU
		{291011FD-4061-48EB-80C2-FF36845EB14F}.Release|Any CPU.ActiveCfg = Release|Any CPU
		{291011FD-4061-48EB-80C2-FF36845EB14F}.Release|Any CPU.Build.0 = Release|Any CPU
	EndGlobalSection
	GlobalSection(SolutionProperties) = preSolution
		HideSolutionNode = FALSE
	EndGlobalSection
	GlobalSection(ExtensibilityGlobals) = postSolution
		SolutionGuid = {C769995C-708B-4A88-844A-6D88DA89CFE1}
	EndGlobalSection
EndGlobal
