
Microsoft Visual Studio Solution File, Format Version 12.00
# Visual Studio Version 16
VisualStudioVersion = 16.0.29509.3
MinimumVisualStudioVersion = 10.0.40219.1
Project("{FAE04EC0-301F-11D3-BF4B-00C04F79EFBC}") = "project payroll", "project payroll\project payroll.csproj", "{440D4E25-7EAD-4ECE-9285-9F4E27DED661}"
EndProject
Global
	GlobalSection(SolutionConfigurationPlatforms) = preSolution
		Debug|Any CPU = Debug|Any CPU
		Release|Any CPU = Release|Any CPU
	EndGlobalSection
	GlobalSection(ProjectConfigurationPlatforms) = postSolution
		{440D4E25-7EAD-4ECE-9285-9F4E27DED661}.Debug|Any CPU.ActiveCfg = Debug|Any CPU
		{440D4E25-7EAD-4ECE-9285-9F4E27DED661}.Debug|Any CPU.Build.0 = Debug|Any CPU
		{440D4E25-7EAD-4ECE-9285-9F4E27DED661}.Release|Any CPU.ActiveCfg = Release|Any CPU
		{440D4E25-7EAD-4ECE-9285-9F4E27DED661}.Release|Any CPU.Build.0 = Release|Any CPU
	EndGlobalSection
	GlobalSection(SolutionProperties) = preSolution
		HideSolutionNode = FALSE
	EndGlobalSection
	GlobalSection(ExtensibilityGlobals) = postSolution
		SolutionGuid = {242CBB44-5B38-45BD-9010-493E2FFDA95F}
	EndGlobalSection
EndGlobal
