
Microsoft Visual Studio Solution File, Format Version 12.00
# Visual Studio Version 16
VisualStudioVersion = 16.0.30011.22
MinimumVisualStudioVersion = 10.0.40219.1
Project("{FAE04EC0-301F-11D3-BF4B-00C04F79EFBC}") = "WritePatientRecords", "WritePatientRecords\WritePatientRecords.csproj", "{09D22AE8-3372-41B8-9291-6A66E1C8ACE4}"
EndProject
Global
	GlobalSection(SolutionConfigurationPlatforms) = preSolution
		Debug|Any CPU = Debug|Any CPU
		Release|Any CPU = Release|Any CPU
	EndGlobalSection
	GlobalSection(ProjectConfigurationPlatforms) = postSolution
		{09D22AE8-3372-41B8-9291-6A66E1C8ACE4}.Debug|Any CPU.ActiveCfg = Debug|Any CPU
		{09D22AE8-3372-41B8-9291-6A66E1C8ACE4}.Debug|Any CPU.Build.0 = Debug|Any CPU
		{09D22AE8-3372-41B8-9291-6A66E1C8ACE4}.Release|Any CPU.ActiveCfg = Release|Any CPU
		{09D22AE8-3372-41B8-9291-6A66E1C8ACE4}.Release|Any CPU.Build.0 = Release|Any CPU
	EndGlobalSection
	GlobalSection(SolutionProperties) = preSolution
		HideSolutionNode = FALSE
	EndGlobalSection
	GlobalSection(ExtensibilityGlobals) = postSolution
		SolutionGuid = {77291F58-1F34-4ECB-BA0E-1534284D8638}
	EndGlobalSection
EndGlobal
