
Microsoft Visual Studio Solution File, Format Version 12.00
# Visual Studio Version 16
VisualStudioVersion = 16.0.29709.97
MinimumVisualStudioVersion = 10.0.40219.1
Project("{FAE04EC0-301F-11D3-BF4B-00C04F79EFBC}") = "RecentlyVisitedSites", "RecentlyVisitedSites.csproj", "{BDE6398E-65D8-4E21-8A49-43249FAC29DA}"
EndProject
Global
	GlobalSection(SolutionConfigurationPlatforms) = preSolution
		Debug|Any CPU = Debug|Any CPU
		Release|Any CPU = Release|Any CPU
	EndGlobalSection
	GlobalSection(ProjectConfigurationPlatforms) = postSolution
		{BDE6398E-65D8-4E21-8A49-43249FAC29DA}.Debug|Any CPU.ActiveCfg = Debug|Any CPU
		{BDE6398E-65D8-4E21-8A49-43249FAC29DA}.Debug|Any CPU.Build.0 = Debug|Any CPU
		{BDE6398E-65D8-4E21-8A49-43249FAC29DA}.Release|Any CPU.ActiveCfg = Release|Any CPU
		{BDE6398E-65D8-4E21-8A49-43249FAC29DA}.Release|Any CPU.Build.0 = Release|Any CPU
	EndGlobalSection
	GlobalSection(SolutionProperties) = preSolution
		HideSolutionNode = FALSE
	EndGlobalSection
	GlobalSection(ExtensibilityGlobals) = postSolution
		SolutionGuid = {555862D7-C682-49A3-8206-7333B11BFA84}
	EndGlobalSection
EndGlobal
