
Microsoft Visual Studio Solution File, Format Version 12.00
# Visual Studio Version 16
VisualStudioVersion = 16.0.29509.3
MinimumVisualStudioVersion = 10.0.40219.1
Project("{FAE04EC0-301F-11D3-BF4B-00C04F79EFBC}") = "TaxPayerDemo", "TaxPayerDemo\TaxPayerDemo.csproj", "{B7540A11-6FD9-4502-9DBA-12451A9CF5E4}"
EndProject
Global
	GlobalSection(SolutionConfigurationPlatforms) = preSolution
		Debug|Any CPU = Debug|Any CPU
		Release|Any CPU = Release|Any CPU
	EndGlobalSection
	GlobalSection(ProjectConfigurationPlatforms) = postSolution
		{B7540A11-6FD9-4502-9DBA-12451A9CF5E4}.Debug|Any CPU.ActiveCfg = Debug|Any CPU
		{B7540A11-6FD9-4502-9DBA-12451A9CF5E4}.Debug|Any CPU.Build.0 = Debug|Any CPU
		{B7540A11-6FD9-4502-9DBA-12451A9CF5E4}.Release|Any CPU.ActiveCfg = Release|Any CPU
		{B7540A11-6FD9-4502-9DBA-12451A9CF5E4}.Release|Any CPU.Build.0 = Release|Any CPU
	EndGlobalSection
	GlobalSection(SolutionProperties) = preSolution
		HideSolutionNode = FALSE
	EndGlobalSection
	GlobalSection(ExtensibilityGlobals) = postSolution
		SolutionGuid = {AF6DB045-3D32-4889-A8A1-D55886338C3F}
	EndGlobalSection
EndGlobal
