
Microsoft Visual Studio Solution File, Format Version 12.00
# Visual Studio Version 16
VisualStudioVersion = 16.0.30011.22
MinimumVisualStudioVersion = 10.0.40219.1
Project("{FAE04EC0-301F-11D3-BF4B-00C04F79EFBC}") = "ShowFileInfo", "ShowFileInfo\ShowFileInfo.csproj", "{5B13DDB3-1EF5-4CC0-BFA3-430382C39B39}"
EndProject
Global
	GlobalSection(SolutionConfigurationPlatforms) = preSolution
		Debug|Any CPU = Debug|Any CPU
		Release|Any CPU = Release|Any CPU
	EndGlobalSection
	GlobalSection(ProjectConfigurationPlatforms) = postSolution
		{5B13DDB3-1EF5-4CC0-BFA3-430382C39B39}.Debug|Any CPU.ActiveCfg = Debug|Any CPU
		{5B13DDB3-1EF5-4CC0-BFA3-430382C39B39}.Debug|Any CPU.Build.0 = Debug|Any CPU
		{5B13DDB3-1EF5-4CC0-BFA3-430382C39B39}.Release|Any CPU.ActiveCfg = Release|Any CPU
		{5B13DDB3-1EF5-4CC0-BFA3-430382C39B39}.Release|Any CPU.Build.0 = Release|Any CPU
	EndGlobalSection
	GlobalSection(SolutionProperties) = preSolution
		HideSolutionNode = FALSE
	EndGlobalSection
	GlobalSection(ExtensibilityGlobals) = postSolution
		SolutionGuid = {09C16FF2-851D-4CFB-A4D9-BAF1392F643B}
	EndGlobalSection
EndGlobal
