
Microsoft Visual Studio Solution File, Format Version 12.00
# Visual Studio Version 16
VisualStudioVersion = 16.0.29519.87
MinimumVisualStudioVersion = 10.0.40219.1
Project("{FAE04EC0-301F-11D3-BF4B-00C04F79EFBC}") = "ChatAWhile", "ChatAWhile.csproj", "{B345CEA9-08C8-4317-8250-AFD29BC5FDF5}"
EndProject
Global
	GlobalSection(SolutionConfigurationPlatforms) = preSolution
		Debug|Any CPU = Debug|Any CPU
		Release|Any CPU = Release|Any CPU
	EndGlobalSection
	GlobalSection(ProjectConfigurationPlatforms) = postSolution
		{B345CEA9-08C8-4317-8250-AFD29BC5FDF5}.Debug|Any CPU.ActiveCfg = Debug|Any CPU
		{B345CEA9-08C8-4317-8250-AFD29BC5FDF5}.Debug|Any CPU.Build.0 = Debug|Any CPU
		{B345CEA9-08C8-4317-8250-AFD29BC5FDF5}.Release|Any CPU.ActiveCfg = Release|Any CPU
		{B345CEA9-08C8-4317-8250-AFD29BC5FDF5}.Release|Any CPU.Build.0 = Release|Any CPU
	EndGlobalSection
	GlobalSection(SolutionProperties) = preSolution
		HideSolutionNode = FALSE
	EndGlobalSection
	GlobalSection(ExtensibilityGlobals) = postSolution
		SolutionGuid = {35F1EE08-44D0-4AAB-A40E-D438A4251984}
	EndGlobalSection
EndGlobal
