
Microsoft Visual Studio Solution File, Format Version 12.00
# Visual Studio Version 16
VisualStudioVersion = 16.0.29709.97
MinimumVisualStudioVersion = 10.0.40219.1
Project("{FAE04EC0-301F-11D3-BF4B-00C04F79EFBC}") = "TaxpayerDemo2", "TaxpayerDemo2.csproj", "{016E38A1-E25E-4E6F-9DC9-2BEEF182175C}"
EndProject
Global
	GlobalSection(SolutionConfigurationPlatforms) = preSolution
		Debug|Any CPU = Debug|Any CPU
		Release|Any CPU = Release|Any CPU
	EndGlobalSection
	GlobalSection(ProjectConfigurationPlatforms) = postSolution
		{016E38A1-E25E-4E6F-9DC9-2BEEF182175C}.Debug|Any CPU.ActiveCfg = Debug|Any CPU
		{016E38A1-E25E-4E6F-9DC9-2BEEF182175C}.Debug|Any CPU.Build.0 = Debug|Any CPU
		{016E38A1-E25E-4E6F-9DC9-2BEEF182175C}.Release|Any CPU.ActiveCfg = Release|Any CPU
		{016E38A1-E25E-4E6F-9DC9-2BEEF182175C}.Release|Any CPU.Build.0 = Release|Any CPU
	EndGlobalSection
	GlobalSection(SolutionProperties) = preSolution
		HideSolutionNode = FALSE
	EndGlobalSection
	GlobalSection(ExtensibilityGlobals) = postSolution
		SolutionGuid = {98FE6A54-2913-4DFF-8DFD-CF3EF7A42A11}
	EndGlobalSection
EndGlobal
