
Microsoft Visual Studio Solution File, Format Version 12.00
# Visual Studio Version 16
VisualStudioVersion = 16.0.29509.3
MinimumVisualStudioVersion = 10.0.40219.1
Project("{FAE04EC0-301F-11D3-BF4B-00C04F79EFBC}") = "Payroll2", "Payroll2.csproj", "{D1759429-2E90-4930-9DFB-8A686BB544DE}"
EndProject
Global
	GlobalSection(SolutionConfigurationPlatforms) = preSolution
		Debug|Any CPU = Debug|Any CPU
		Release|Any CPU = Release|Any CPU
	EndGlobalSection
	GlobalSection(ProjectConfigurationPlatforms) = postSolution
		{D1759429-2E90-4930-9DFB-8A686BB544DE}.Debug|Any CPU.ActiveCfg = Debug|Any CPU
		{D1759429-2E90-4930-9DFB-8A686BB544DE}.Debug|Any CPU.Build.0 = Debug|Any CPU
		{D1759429-2E90-4930-9DFB-8A686BB544DE}.Release|Any CPU.ActiveCfg = Release|Any CPU
		{D1759429-2E90-4930-9DFB-8A686BB544DE}.Release|Any CPU.Build.0 = Release|Any CPU
	EndGlobalSection
	GlobalSection(SolutionProperties) = preSolution
		HideSolutionNode = FALSE
	EndGlobalSection
	GlobalSection(ExtensibilityGlobals) = postSolution
		SolutionGuid = {FDF07FD7-D75C-4050-A6F1-9C27D487039F}
	EndGlobalSection
EndGlobal
