
Microsoft Visual Studio Solution File, Format Version 12.00
# Visual Studio Version 16
VisualStudioVersion = 16.0.29613.14
MinimumVisualStudioVersion = 10.0.40219.1
Project("{FAE04EC0-301F-11D3-BF4B-00C04F79EFBC}") = "Multiplication", "Multiplication.csproj", "{F66530DF-81DE-4734-A2E0-8A99C1CD9FDB}"
EndProject
Global
	GlobalSection(SolutionConfigurationPlatforms) = preSolution
		Debug|Any CPU = Debug|Any CPU
		Release|Any CPU = Release|Any CPU
	EndGlobalSection
	GlobalSection(ProjectConfigurationPlatforms) = postSolution
		{F66530DF-81DE-4734-A2E0-8A99C1CD9FDB}.Debug|Any CPU.ActiveCfg = Debug|Any CPU
		{F66530DF-81DE-4734-A2E0-8A99C1CD9FDB}.Debug|Any CPU.Build.0 = Debug|Any CPU
		{F66530DF-81DE-4734-A2E0-8A99C1CD9FDB}.Release|Any CPU.ActiveCfg = Release|Any CPU
		{F66530DF-81DE-4734-A2E0-8A99C1CD9FDB}.Release|Any CPU.Build.0 = Release|Any CPU
	EndGlobalSection
	GlobalSection(SolutionProperties) = preSolution
		HideSolutionNode = FALSE
	EndGlobalSection
	GlobalSection(ExtensibilityGlobals) = postSolution
		SolutionGuid = {D1D6F753-DDD1-46A0-8C5D-A8BC5B1669D2}
	EndGlobalSection
EndGlobal
