
Microsoft Visual Studio Solution File, Format Version 12.00
# Visual Studio Version 16
VisualStudioVersion = 16.0.29230.47
MinimumVisualStudioVersion = 10.0.40219.1
Project("{FAE04EC0-301F-11D3-BF4B-00C04F79EFBC}") = "chapter 2 test", "chapter 2 test.csproj", "{ABB07C54-6F20-40CF-86AC-B8A6D72D9026}"
EndProject
Global
	GlobalSection(SolutionConfigurationPlatforms) = preSolution
		Debug|Any CPU = Debug|Any CPU
		Release|Any CPU = Release|Any CPU
	EndGlobalSection
	GlobalSection(ProjectConfigurationPlatforms) = postSolution
		{ABB07C54-6F20-40CF-86AC-B8A6D72D9026}.Debug|Any CPU.ActiveCfg = Debug|Any CPU
		{ABB07C54-6F20-40CF-86AC-B8A6D72D9026}.Debug|Any CPU.Build.0 = Debug|Any CPU
		{ABB07C54-6F20-40CF-86AC-B8A6D72D9026}.Release|Any CPU.ActiveCfg = Release|Any CPU
		{ABB07C54-6F20-40CF-86AC-B8A6D72D9026}.Release|Any CPU.Build.0 = Release|Any CPU
	EndGlobalSection
	GlobalSection(SolutionProperties) = preSolution
		HideSolutionNode = FALSE
	EndGlobalSection
	GlobalSection(ExtensibilityGlobals) = postSolution
		SolutionGuid = {C959EE7E-29EF-49F7-A75F-57CC35A0145E}
	EndGlobalSection
EndGlobal
